
Microsoft Visual Studio Solution File, Format Version 12.00
# Visual Studio Version 17
VisualStudioVersion = 17.3.32804.467
MinimumVisualStudioVersion = 10.0.40219.1
Project("{FAE04EC0-301F-11D3-BF4B-00C04F79EFBC}") = "USB-FTDI", "USB-FTDI.csproj", "{4CBD487D-0365-4132-B9B0-5008EEEE9003}"
EndProject
Global
	GlobalSection(SolutionConfigurationPlatforms) = preSolution
		Debug|Any CPU = Debug|Any CPU
		Release|Any CPU = Release|Any CPU
	EndGlobalSection
	GlobalSection(ProjectConfigurationPlatforms) = postSolution
		{4CBD487D-0365-4132-B9B0-5008EEEE9003}.Debug|Any CPU.ActiveCfg = Debug|Any CPU
		{4CBD487D-0365-4132-B9B0-5008EEEE9003}.Debug|Any CPU.Build.0 = Debug|Any CPU
		{4CBD487D-0365-4132-B9B0-5008EEEE9003}.Release|Any CPU.ActiveCfg = Release|Any CPU
		{4CBD487D-0365-4132-B9B0-5008EEEE9003}.Release|Any CPU.Build.0 = Release|Any CPU
	EndGlobalSection
	GlobalSection(SolutionProperties) = preSolution
		HideSolutionNode = FALSE
	EndGlobalSection
	GlobalSection(ExtensibilityGlobals) = postSolution
		SolutionGuid = {D99C4AA4-E79A-46C6-8B1D-457BC6E5A970}
	EndGlobalSection
EndGlobal
